// !$*UTF8*$!
{
	archiveVersion = 1;
	classes = {
	};
	objectVersion = 46;
	objects = {

/* Begin PBXBuildFile section */
		755AE4F11DE7E828005C2140 /* main.m in Sources */ = {isa = PBXBuildFile; fileRef = 755AE4F01DE7E828005C2140 /* main.m */; };
		755AE4F41DE7E828005C2140 /* AppDelegate.m in Sources */ = {isa = PBXBuildFile; fileRef = 755AE4F31DE7E828005C2140 /* AppDelegate.m */; };
		755AE4F71DE7E828005C2140 /* ViewController.m in Sources */ = {isa = PBXBuildFile; fileRef = 755AE4F61DE7E828005C2140 /* ViewController.m */; };
		755AE4FA1DE7E828005C2140 /* Main.storyboard in Resources */ = {isa = PBXBuildFile; fileRef = 755AE4F81DE7E828005C2140 /* Main.storyboard */; };
		755AE4FC1DE7E828005C2140 /* Assets.xcassets in Resources */ = {isa = PBXBuildFile; fileRef = 755AE4FB1DE7E828005C2140 /* Assets.xcassets */; };
		755AE4FF1DE7E828005C2140 /* LaunchScreen.storyboard in Resources */ = {isa = PBXBuildFile; fileRef = 755AE4FD1DE7E828005C2140 /* LaunchScreen.storyboard */; };
		755AE50A1DE7E828005C2140 /* farmTests.m in Sources */ = {isa = PBXBuildFile; fileRef = 755AE5091DE7E828005C2140 /* farmTests.m */; };
		755AE5151DE7E828005C2140 /* farmUITests.m in Sources */ = {isa = PBXBuildFile; fileRef = 755AE5141DE7E828005C2140 /* farmUITests.m */; };
/* End PBXBuildFile section */

/* Begin PBXContainerItemProxy section */
		755AE5061DE7E828005C2140 /* PBXContainerItemProxy */ = {
			isa = PBXContainerItemProxy;
			containerPortal = 755AE4E41DE7E828005C2140 /* Project object */;
			proxyType = 1;
			remoteGlobalIDString = 755AE4EB1DE7E828005C2140;
			remoteInfo = farm;
		};
		755AE5111DE7E828005C2140 /* PBXContainerItemProxy */ = {
			isa = PBXContainerItemProxy;
			containerPortal = 755AE4E41DE7E828005C2140 /* Project object */;
			proxyType = 1;
			remoteGlobalIDString = 755AE4EB1DE7E828005C2140;
			remoteInfo = farm;
		};
/* End PBXContainerItemProxy section */

/* Begin PBXFileReference section */
		755AE4EC1DE7E828005C2140 /* farm.app */ = {isa = PBXFileReference; explicitFileType = wrapper.application; includeInIndex = 0; path = farm.app; sourceTree = BUILT_PRODUCTS_DIR; };
		755AE4F01DE7E828005C2140 /* main.m */ = {isa = PBXFileReference; lastKnownFileType = sourcecode.c.objc; path = main.m; sourceTree = "<group>"; };
		755AE4F21DE7E828005C2140 /* AppDelegate.h */ = {isa = PBXFileReference; lastKnownFileType = sourcecode.c.h; path = AppDelegate.h; sourceTree = "<group>"; };
		755AE4F31DE7E828005C2140 /* AppDelegate.m */ = {isa = PBXFileReference; lastKnownFileType = sourcecode.c.objc; path = AppDelegate.m; sourceTree = "<group>"; };
		755AE4F51DE7E828005C2140 /* ViewController.h */ = {isa = PBXFileReference; lastKnownFileType = sourcecode.c.h; path = ViewController.h; sourceTree = "<group>"; };
		755AE4F61DE7E828005C2140 /* ViewController.m */ = {isa = PBXFileReference; lastKnownFileType = sourcecode.c.objc; path = ViewController.m; sourceTree = "<group>"; };
		755AE4F91DE7E828005C2140 /* Base */ = {isa = PBXFileReference; lastKnownFileType = file.storyboard; name = Base; path = Base.lproj/Main.storyboard; sourceTree = "<group>"; };
		755AE4FB1DE7E828005C2140 /* Assets.xcassets */ = {isa = PBXFileReference; lastKnownFileType = folder.assetcatalog; path = Assets.xcassets; sourceTree = "<group>"; };
		755AE4FE1DE7E828005C2140 /* Base */ = {isa = PBXFileReference; lastKnownFileType = file.storyboard; name = Base; path = Base.lproj/LaunchScreen.storyboard; sourceTree = "<group>"; };
		755AE5001DE7E828005C2140 /* Info.plist */ = {isa = PBXFileReference; lastKnownFileType = text.plist.xml; path = Info.plist; sourceTree = "<group>"; };
		755AE5051DE7E828005C2140 /* farmTests.xctest */ = {isa = PBXFileReference; explicitFileType = wrapper.cfbundle; includeInIndex = 0; path = farmTests.xctest; sourceTree = BUILT_PRODUCTS_DIR; };
		755AE5091DE7E828005C2140 /* farmTests.m */ = {isa = PBXFileReference; lastKnownFileType = sourcecode.c.objc; path = farmTests.m; sourceTree = "<group>"; };
		755AE50B1DE7E828005C2140 /* Info.plist */ = {isa = PBXFileReference; lastKnownFileType = text.plist.xml; path = Info.plist; sourceTree = "<group>"; };
		755AE5101DE7E828005C2140 /* farmUITests.xctest */ = {isa = PBXFileReference; explicitFileType = wrapper.cfbundle; includeInIndex = 0; path = farmUITests.xctest; sourceTree = BUILT_PRODUCTS_DIR; };
		755AE5141DE7E828005C2140 /* farmUITests.m */ = {isa = PBXFileReference; lastKnownFileType = sourcecode.c.objc; path = farmUITests.m; sourceTree = "<group>"; };
		755AE5161DE7E828005C2140 /* Info.plist */ = {isa = PBXFileReference; lastKnownFileType = text.plist.xml; path = Info.plist; sourceTree = "<group>"; };
/* End PBXFileReference section */

/* Begin PBXFrameworksBuildPhase section */
		755AE4E91DE7E828005C2140 /* Frameworks */ = {
			isa = PBXFrameworksBuildPhase;
			buildActionMask = 2147483647;
			files = (
			);
			runOnlyForDeploymentPostprocessing = 0;
		};
		755AE5021DE7E828005C2140 /* Frameworks */ = {
			isa = PBXFrameworksBuildPhase;
			buildActionMask = 2147483647;
			files = (
			);
			runOnlyForDeploymentPostprocessing = 0;
		};
		755AE50D1DE7E828005C2140 /* Frameworks */ = {
			isa = PBXFrameworksBuildPhase;
			buildActionMask = 2147483647;
			files = (
			);
			runOnlyForDeploymentPostprocessing = 0;
		};
/* End PBXFrameworksBuildPhase section */

/* Begin PBXGroup section */
		755AE4E31DE7E828005C2140 = {
			isa = PBXGroup;
			children = (
				755AE4EE1DE7E828005C2140 /* farm */,
				755AE5081DE7E828005C2140 /* farmTests */,
				755AE5131DE7E828005C2140 /* farmUITests */,
				755AE4ED1DE7E828005C2140 /* Products */,
			);
			sourceTree = "<group>";
		};
		755AE4ED1DE7E828005C2140 /* Products */ = {
			isa = PBXGroup;
			children = (
				755AE4EC1DE7E828005C2140 /* farm.app */,
				755AE5051DE7E828005C2140 /* farmTests.xctest */,
				755AE5101DE7E828005C2140 /* farmUITests.xctest */,
			);
			name = Products;
			sourceTree = "<group>";
		};
		755AE4EE1DE7E828005C2140 /* farm */ = {
			isa = PBXGroup;
			children = (
				755AE4F21DE7E828005C2140 /* AppDelegate.h */,
				755AE4F31DE7E828005C2140 /* AppDelegate.m */,
				755AE4F51DE7E828005C2140 /* ViewController.h */,
				755AE4F61DE7E828005C2140 /* ViewController.m */,
				755AE4F81DE7E828005C2140 /* Main.storyboard */,
				755AE4FB1DE7E828005C2140 /* Assets.xcassets */,
				755AE4FD1DE7E828005C2140 /* LaunchScreen.storyboard */,
				755AE5001DE7E828005C2140 /* Info.plist */,
				755AE4EF1DE7E828005C2140 /* Supporting Files */,
			);
			path = farm;
			sourceTree = "<group>";
		};
		755AE4EF1DE7E828005C2140 /* Supporting Files */ = {
			isa = PBXGroup;
			children = (
				755AE4F01DE7E828005C2140 /* main.m */,
			);
			name = "Supporting Files";
			sourceTree = "<group>";
		};
		755AE5081DE7E828005C2140 /* farmTests */ = {
			isa = PBXGroup;
			children = (
				755AE5091DE7E828005C2140 /* farmTests.m */,
				755AE50B1DE7E828005C2140 /* Info.plist */,
			);
			path = farmTests;
			sourceTree = "<group>";
		};
		755AE5131DE7E828005C2140 /* farmUITests */ = {
			isa = PBXGroup;
			children = (
				755AE5141DE7E828005C2140 /* farmUITests.m */,
				755AE5161DE7E828005C2140 /* Info.plist */,
			);
			path = farmUITests;
			sourceTree = "<group>";
		};
/* End PBXGroup section */

/* Begin PBXNativeTarget section */
		755AE4EB1DE7E828005C2140 /* farm */ = {
			isa = PBXNativeTarget;
			buildConfigurationList = 755AE5191DE7E828005C2140 /* Build configuration list for PBXNativeTarget "farm" */;
			buildPhases = (
				755AE4E81DE7E828005C2140 /* Sources */,
				755AE4E91DE7E828005C2140 /* Frameworks */,
				755AE4EA1DE7E828005C2140 /* Resources */,
			);
			buildRules = (
			);
			dependencies = (
			);
			name = farm;
			productName = farm;
			productReference = 755AE4EC1DE7E828005C2140 /* farm.app */;
			productType = "com.apple.product-type.application";
		};
		755AE5041DE7E828005C2140 /* farmTests */ = {
			isa = PBXNativeTarget;
			buildConfigurationList = 755AE51C1DE7E828005C2140 /* Build configuration list for PBXNativeTarget "farmTests" */;
			buildPhases = (
				755AE5011DE7E828005C2140 /* Sources */,
				755AE5021DE7E828005C2140 /* Frameworks */,
				755AE5031DE7E828005C2140 /* Resources */,
			);
			buildRules = (
			);
			dependencies = (
				755AE5071DE7E828005C2140 /* PBXTargetDependency */,
			);
			name = farmTests;
			productName = farmTests;
			productReference = 755AE5051DE7E828005C2140 /* farmTests.xctest */;
			productType = "com.apple.product-type.bundle.unit-test";
		};
		755AE50F1DE7E828005C2140 /* farmUITests */ = {
			isa = PBXNativeTarget;
			buildConfigurationList = 755AE51F1DE7E828005C2140 /* Build configuration list for PBXNativeTarget "farmUITests" */;
			buildPhases = (
				755AE50C1DE7E828005C2140 /* Sources */,
				755AE50D1DE7E828005C2140 /* Frameworks */,
				755AE50E1DE7E828005C2140 /* Resources */,
			);
			buildRules = (
			);
			dependencies = (
				755AE5121DE7E828005C2140 /* PBXTargetDependency */,
			);
			name = farmUITests;
			productName = farmUITests;
			productReference = 755AE5101DE7E828005C2140 /* farmUITests.xctest */;
			productType = "com.apple.product-type.bundle.ui-testing";
		};
/* End PBXNativeTarget section */

/* Begin PBXProject section */
		755AE4E41DE7E828005C2140 /* Project object */ = {
			isa = PBXProject;
			attributes = {
				LastUpgradeCheck = 0800;
				ORGANIZATIONNAME = WYY;
				TargetAttributes = {
					755AE4EB1DE7E828005C2140 = {
						CreatedOnToolsVersion = 8.0;
						DevelopmentTeam = XYH7QZH85Y;
						ProvisioningStyle = Automatic;
					};
					755AE5041DE7E828005C2140 = {
						CreatedOnToolsVersion = 8.0;
						DevelopmentTeam = XYH7QZH85Y;
						ProvisioningStyle = Automatic;
						TestTargetID = 755AE4EB1DE7E828005C2140;
					};
					755AE50F1DE7E828005C2140 = {
						CreatedOnToolsVersion = 8.0;
						DevelopmentTeam = XYH7QZH85Y;
						ProvisioningStyle = Automatic;
						TestTargetID = 755AE4EB1DE7E828005C2140;
					};
				};
			};
			buildConfigurationList = 755AE4E71DE7E828005C2140 /* Build configuration list for PBXProject "farm" */;
			compatibilityVersion = "Xcode 3.2";
			developmentRegion = English;
			hasScannedForEncodings = 0;
			knownRegions = (
				en,
				Base,
			);
			mainGroup = 755AE4E31DE7E828005C2140;
			productRefGroup = 755AE4ED1DE7E828005C2140 /* Products */;
			projectDirPath = "";
			projectRoot = "";
			targets = (
				755AE4EB1DE7E828005C2140 /* farm */,
				755AE5041DE7E828005C2140 /* farmTests */,
				755AE50F1DE7E828005C2140 /* farmUITests */,
			);
		};
/* End PBXProject section */

/* Begin PBXResourcesBuildPhase section */
		755AE4EA1DE7E828005C2140 /* Resources */ = {
			isa = PBXResourcesBuildPhase;
			buildActionMask = 2147483647;
			files = (
				755AE4FF1DE7E828005C2140 /* LaunchScreen.storyboard in Resources */,
				755AE4FC1DE7E828005C2140 /* Assets.xcassets in Resources */,
				755AE4FA1DE7E828005C2140 /* Main.storyboard in Resources */,
			);
			runOnlyForDeploymentPostprocessing = 0;
		};
		755AE5031DE7E828005C2140 /* Resources */ = {
			isa = PBXResourcesBuildPhase;
			buildActionMask = 2147483647;
			files = (
			);
			runOnlyForDeploymentPostprocessing = 0;
		};
		755AE50E1DE7E828005C2140 /* Resources */ = {
			isa = PBXResourcesBuildPhase;
			buildActionMask = 2147483647;
			files = (
			);
			runOnlyForDeploymentPostprocessing = 0;
		};
/* End PBXResourcesBuildPhase section */

/* Begin PBXSourcesBuildPhase section */
		755AE4E81DE7E828005C2140 /* Sources */ = {
			isa = PBXSourcesBuildPhase;
			buildActionMask = 2147483647;
			files = (
				755AE4F71DE7E828005C2140 /* ViewController.m in Sources */,
				755AE4F41DE7E828005C2140 /* AppDelegate.m in Sources */,
				755AE4F11DE7E828005C2140 /* main.m in Sources */,
			);
			runOnlyForDeploymentPostprocessing = 0;
		};
		755AE5011DE7E828005C2140 /* Sources */ = {
			isa = PBXSourcesBuildPhase;
			buildActionMask = 2147483647;
			files = (
				755AE50A1DE7E828005C2140 /* farmTests.m in Sources */,
			);
			runOnlyForDeploymentPostprocessing = 0;
		};
		755AE50C1DE7E828005C2140 /* Sources */ = {
			isa = PBXSourcesBuildPhase;
			buildActionMask = 2147483647;
			files = (
				755AE5151DE7E828005C2140 /* farmUITests.m in Sources */,
			);
			runOnlyForDeploymentPostprocessing = 0;
		};
/* End PBXSourcesBuildPhase section */

/* Begin PBXTargetDependency section */
		755AE5071DE7E828005C2140 /* PBXTargetDependency */ = {
			isa = PBXTargetDependency;
			target = 755AE4EB1DE7E828005C2140 /* farm */;
			targetProxy = 755AE5061DE7E828005C2140 /* PBXContainerItemProxy */;
		};
		755AE5121DE7E828005C2140 /* PBXTargetDependency */ = {
			isa = PBXTargetDependency;
			target = 755AE4EB1DE7E828005C2140 /* farm */;
			targetProxy = 755AE5111DE7E828005C2140 /* PBXContainerItemProxy */;
		};
/* End PBXTargetDependency section */

/* Begin PBXVariantGroup section */
		755AE4F81DE7E828005C2140 /* Main.storyboard */ = {
			isa = PBXVariantGroup;
			children = (
				755AE4F91DE7E828005C2140 /* Base */,
			);
			name = Main.storyboard;
			sourceTree = "<group>";
		};
		755AE4FD1DE7E828005C2140 /* LaunchScreen.storyboard */ = {
			isa = PBXVariantGroup;
			children = (
				755AE4FE1DE7E828005C2140 /* Base */,
			);
			name = LaunchScreen.storyboard;
			sourceTree = "<group>";
		};
/* End PBXVariantGroup section */

/* Begin XCBuildConfiguration section */
		755AE5171DE7E828005C2140 /* Debug */ = {
			isa = XCBuildConfiguration;
			buildSettings = {
				ALWAYS_SEARCH_USER_PATHS = NO;
				CLANG_ANALYZER_NONNULL = YES;
				CLANG_CXX_LANGUAGE_STANDARD = "gnu++0x";
				CLANG_CXX_LIBRARY = "libc++";
				CLANG_ENABLE_MODULES = YES;
				CLANG_ENABLE_OBJC_ARC = YES;
				CLANG_WARN_BOOL_CONVERSION = YES;
				CLANG_WARN_CONSTANT_CONVERSION = YES;
				CLANG_WARN_DIRECT_OBJC_ISA_USAGE = YES_ERROR;
				CLANG_WARN_DOCUMENTATION_COMMENTS = YES;
				CLANG_WARN_EMPTY_BODY = YES;
				CLANG_WARN_ENUM_CONVERSION = YES;
				CLANG_WARN_INFINITE_RECURSION = YES;
				CLANG_WARN_INT_CONVERSION = YES;
				CLANG_WARN_OBJC_ROOT_CLASS = YES_ERROR;
				CLANG_WARN_SUSPICIOUS_MOVES = YES;
				CLANG_WARN_UNREACHABLE_CODE = YES;
				CLANG_WARN__DUPLICATE_METHOD_MATCH = YES;
				"CODE_SIGN_IDENTITY[sdk=iphoneos*]" = "iPhone Developer";
				COPY_PHASE_STRIP = NO;
				DEBUG_INFORMATION_FORMAT = dwarf;
				ENABLE_STRICT_OBJC_MSGSEND = YES;
				ENABLE_TESTABILITY = YES;
				GCC_C_LANGUAGE_STANDARD = gnu99;
				GCC_DYNAMIC_NO_PIC = NO;
				GCC_NO_COMMON_BLOCKS = YES;
				GCC_OPTIMIZATION_LEVEL = 0;
				GCC_PREPROCESSOR_DEFINITIONS = (
					"DEBUG=1",
					"$(inherited)",
				);
				GCC_WARN_64_TO_32_BIT_CONVERSION = YES;
				GCC_WARN_ABOUT_RETURN_TYPE = YES_ERROR;
				GCC_WARN_UNDECLARED_SELECTOR = YES;
				GCC_WARN_UNINITIALIZED_AUTOS = YES_AGGRESSIVE;
				GCC_WARN_UNUSED_FUNCTION = YES;
				GCC_WARN_UNUSED_VARIABLE = YES;
				IPHONEOS_DEPLOYMENT_TARGET = 10.0;
				MTL_ENABLE_DEBUG_INFO = YES;
				ONLY_ACTIVE_ARCH = YES;
				SDKROOT = iphoneos;
			};
			name = Debug;
		};
		755AE5181DE7E828005C2140 /* Release */ = {
			isa = XCBuildConfiguration;
			buildSettings = {
				ALWAYS_SEARCH_USER_PATHS = NO;
				CLANG_ANALYZER_NONNULL = YES;
				CLANG_CXX_LANGUAGE_STANDARD = "gnu++0x";
				CLANG_CXX_LIBRARY = "libc++";
				CLANG_ENABLE_MODULES = YES;
				CLANG_ENABLE_OBJC_ARC = YES;
				CLANG_WARN_BOOL_CONVERSION = YES;
				CLANG_WARN_CONSTANT_CONVERSION = YES;
				CLANG_WARN_DIRECT_OBJC_ISA_USAGE = YES_ERROR;
				CLANG_WARN_DOCUMENTATION_COMMENTS = YES;
				CLANG_WARN_EMPTY_BODY = YES;
				CLANG_WARN_ENUM_CONVERSION = YES;
				CLANG_WARN_INFINITE_RECURSION = YES;
				CLANG_WARN_INT_CONVERSION = YES;
				CLANG_WARN_OBJC_ROOT_CLASS = YES_ERROR;
				CLANG_WARN_SUSPICIOUS_MOVES = YES;
				CLANG_WARN_UNREACHABLE_CODE = YES;
				CLANG_WARN__DUPLICATE_METHOD_MATCH = YES;
				"CODE_SIGN_IDENTITY[sdk=iphoneos*]" = "iPhone Developer";
				COPY_PHASE_STRIP = NO;
				DEBUG_INFORMATION_FORMAT = "dwarf-with-dsym";
				ENABLE_NS_ASSERTIONS = NO;
				ENABLE_STRICT_OBJC_MSGSEND = YES;
				GCC_C_LANGUAGE_STANDARD = gnu99;
				GCC_NO_COMMON_BLOCKS = YES;
				GCC_WARN_64_TO_32_BIT_CONVERSION = YES;
				GCC_WARN_ABOUT_RETURN_TYPE = YES_ERROR;
				GCC_WARN_UNDECLARED_SELECTOR = YES;
				GCC_WARN_UNINITIALIZED_AUTOS = YES_AGGRESSIVE;
				GCC_WARN_UNUSED_FUNCTION = YES;
				GCC_WARN_UNUSED_VARIABLE = YES;
				IPHONEOS_DEPLOYMENT_TARGET = 10.0;
				MTL_ENABLE_DEBUG_INFO = NO;
				SDKROOT = iphoneos;
				VALIDATE_PRODUCT = YES;
			};
			name = Release;
		};
		755AE51A1DE7E828005C2140 /* Debug */ = {
			isa = XCBuildConfiguration;
			buildSettings = {
				ASSETCATALOG_COMPILER_APPICON_NAME = AppIcon;
				DEVELOPMENT_TEAM = XYH7QZH85Y;
				INFOPLIST_FILE = farm/Info.plist;
				LD_RUNPATH_SEARCH_PATHS = "$(inherited) @executable_path/Frameworks";
				PRODUCT_BUNDLE_IDENTIFIER = com.wangyangyong.farm;
				PRODUCT_NAME = "$(TARGET_NAME)";
			};
			name = Debug;
		};
		755AE51B1DE7E828005C2140 /* Release */ = {
			isa = XCBuildConfiguration;
			buildSettings = {
				ASSETCATALOG_COMPILER_APPICON_NAME = AppIcon;
				DEVELOPMENT_TEAM = XYH7QZH85Y;
				INFOPLIST_FILE = farm/Info.plist;
				LD_RUNPATH_SEARCH_PATHS = "$(inherited) @executable_path/Frameworks";
				PRODUCT_BUNDLE_IDENTIFIER = com.wangyangyong.farm;
				PRODUCT_NAME = "$(TARGET_NAME)";
			};
			name = Release;
		};
		755AE51D1DE7E828005C2140 /* Debug */ = {
			isa = XCBuildConfiguration;
			buildSettings = {
				BUNDLE_LOADER = "$(TEST_HOST)";
				DEVELOPMENT_TEAM = XYH7QZH85Y;
				INFOPLIST_FILE = farmTests/Info.plist;
				LD_RUNPATH_SEARCH_PATHS = "$(inherited) @executable_path/Frameworks @loader_path/Frameworks";
				PRODUCT_BUNDLE_IDENTIFIER = com.wangyangyong.farmTests;
				PRODUCT_NAME = "$(TARGET_NAME)";
				TEST_HOST = "$(BUILT_PRODUCTS_DIR)/farm.app/farm";
			};
			name = Debug;
		};
		755AE51E1DE7E828005C2140 /* Release */ = {
			isa = XCBuildConfiguration;
			buildSettings = {
				BUNDLE_LOADER = "$(TEST_HOST)";
				DEVELOPMENT_TEAM = XYH7QZH85Y;
				INFOPLIST_FILE = farmTests/Info.plist;
				LD_RUNPATH_SEARCH_PATHS = "$(inherited) @executable_path/Frameworks @loader_path/Frameworks";
				PRODUCT_BUNDLE_IDENTIFIER = com.wangyangyong.farmTests;
				PRODUCT_NAME = "$(TARGET_NAME)";
				TEST_HOST = "$(BUILT_PRODUCTS_DIR)/farm.app/farm";
			};
			name = Release;
		};
		755AE5201DE7E828005C2140 /* Debug */ = {
			isa = XCBuildConfiguration;
			buildSettings = {
				DEVELOPMENT_TEAM = XYH7QZH85Y;
				INFOPLIST_FILE = farmUITests/Info.plist;
				LD_RUNPATH_SEARCH_PATHS = "$(inherited) @executable_path/Frameworks @loader_path/Frameworks";
				PRODUCT_BUNDLE_IDENTIFIER = com.wangyangyong.farmUITests;
				PRODUCT_NAME = "$(TARGET_NAME)";
				TEST_TARGET_NAME = farm;
			};
			name = Debug;
		};
		755AE5211DE7E828005C2140 /* Release */ = {
			isa = XCBuildConfiguration;
			buildSettings = {
				DEVELOPMENT_TEAM = XYH7QZH85Y;
				INFOPLIST_FILE = farmUITests/Info.plist;
				LD_RUNPATH_SEARCH_PATHS = "$(inherited) @executable_path/Frameworks @loader_path/Frameworks";
				PRODUCT_BUNDLE_IDENTIFIER = com.wangyangyong.farmUITests;
				PRODUCT_NAME = "$(TARGET_NAME)";
				TEST_TARGET_NAME = farm;
			};
			name = Release;
		};
/* End XCBuildConfiguration section */

/* Begin XCConfigurationList section */
		755AE4E71DE7E828005C2140 /* Build configuration list for PBXProject "farm" */ = {
			isa = XCConfigurationList;
			buildConfigurations = (
				755AE5171DE7E828005C2140 /* Debug */,
				755AE5181DE7E828005C2140 /* Release */,
			);
			defaultConfigurationIsVisible = 0;
			defaultConfigurationName = Release;
		};
		755AE5191DE7E828005C2140 /* Build configuration list for PBXNativeTarget "farm" */ = {
			isa = XCConfigurationList;
			buildConfigurations = (
				755AE51A1DE7E828005C2140 /* Debug */,
				755AE51B1DE7E828005C2140 /* Release */,
			);
			defaultConfigurationIsVisible = 0;
		};
		755AE51C1DE7E828005C2140 /* Build configuration list for PBXNativeTarget "farmTests" */ = {
			isa = XCConfigurationList;
			buildConfigurations = (
				755AE51D1DE7E828005C2140 /* Debug */,
				755AE51E1DE7E828005C2140 /* Release */,
			);
			defaultConfigurationIsVisible = 0;
		};
		755AE51F1DE7E828005C2140 /* Build configuration list for PBXNativeTarget "farmUITests" */ = {
			isa = XCConfigurationList;
			buildConfigurations = (
				755AE5201DE7E828005C2140 /* Debug */,
				755AE5211DE7E828005C2140 /* Release */,
			);
			defaultConfigurationIsVisible = 0;
		};
/* End XCConfigurationList section */
	};
	rootObject = 755AE4E41DE7E828005C2140 /* Project object */;
}
